
Microsoft Visual Studio Solution File, Format Version 12.00
# Visual Studio Version 16
VisualStudioVersion = 16.0.30523.141
MinimumVisualStudioVersion = 10.0.40219.1
Project("{FAE04EC0-301F-11D3-BF4B-00C04F79EFBC}") = "VehiclesApi", "VehiclesApi\VehiclesApi.csproj", "{426B663C-2FE6-48F4-A72A-55C3AB18B756}"
EndProject
Project("{FAE04EC0-301F-11D3-BF4B-00C04F79EFBC}") = "Model", "Model\Model.csproj", "{4BA20B9E-4CF4-43CC-9990-0530665C6639}"
EndProject
Project("{FAE04EC0-301F-11D3-BF4B-00C04F79EFBC}") = "Repository", "Repository\Repository.csproj", "{4D904376-8F1F-48AF-8966-5580818F217D}"
EndProject
Project("{FAE04EC0-301F-11D3-BF4B-00C04F79EFBC}") = "Repository.Common", "Repository.Common\Repository.Common.csproj", "{D8D2AAA8-9C62-45DA-B970-04947BA1E16B}"
EndProject
Project("{FAE04EC0-301F-11D3-BF4B-00C04F79EFBC}") = "Service", "Service\Service.csproj", "{C643558A-8370-4EF5-AF0F-0D54B49F5C9B}"
EndProject
Project("{FAE04EC0-301F-11D3-BF4B-00C04F79EFBC}") = "Service.Common", "Service.Common\Service.Common.csproj", "{26395B7B-BF2D-476B-AB7F-C8411C3553F3}"
EndProject
Project("{FAE04EC0-301F-11D3-BF4B-00C04F79EFBC}") = "DAL", "DAL\DAL.csproj", "{0A797526-EE50-4FE5-B5EE-912BBB7A9A49}"
EndProject
Global
	GlobalSection(SolutionConfigurationPlatforms) = preSolution
		Debug|Any CPU = Debug|Any CPU
		Release|Any CPU = Release|Any CPU
	EndGlobalSection
	GlobalSection(ProjectConfigurationPlatforms) = postSolution
		{426B663C-2FE6-48F4-A72A-55C3AB18B756}.Debug|Any CPU.ActiveCfg = Debug|Any CPU
		{426B663C-2FE6-48F4-A72A-55C3AB18B756}.Debug|Any CPU.Build.0 = Debug|Any CPU
		{426B663C-2FE6-48F4-A72A-55C3AB18B756}.Release|Any CPU.ActiveCfg = Release|Any CPU
		{426B663C-2FE6-48F4-A72A-55C3AB18B756}.Release|Any CPU.Build.0 = Release|Any CPU
		{4BA20B9E-4CF4-43CC-9990-0530665C6639}.Debug|Any CPU.ActiveCfg = Debug|Any CPU
		{4BA20B9E-4CF4-43CC-9990-0530665C6639}.Debug|Any CPU.Build.0 = Debug|Any CPU
		{4BA20B9E-4CF4-43CC-9990-0530665C6639}.Release|Any CPU.ActiveCfg = Release|Any CPU
		{4BA20B9E-4CF4-43CC-9990-0530665C6639}.Release|Any CPU.Build.0 = Release|Any CPU
		{4D904376-8F1F-48AF-8966-5580818F217D}.Debug|Any CPU.ActiveCfg = Debug|Any CPU
		{4D904376-8F1F-48AF-8966-5580818F217D}.Debug|Any CPU.Build.0 = Debug|Any CPU
		{4D904376-8F1F-48AF-8966-5580818F217D}.Release|Any CPU.ActiveCfg = Release|Any CPU
		{4D904376-8F1F-48AF-8966-5580818F217D}.Release|Any CPU.Build.0 = Release|Any CPU
		{D8D2AAA8-9C62-45DA-B970-04947BA1E16B}.Debug|Any CPU.ActiveCfg = Debug|Any CPU
		{D8D2AAA8-9C62-45DA-B970-04947BA1E16B}.Debug|Any CPU.Build.0 = Debug|Any CPU
		{D8D2AAA8-9C62-45DA-B970-04947BA1E16B}.Release|Any CPU.ActiveCfg = Release|Any CPU
		{D8D2AAA8-9C62-45DA-B970-04947BA1E16B}.Release|Any CPU.Build.0 = Release|Any CPU
		{C643558A-8370-4EF5-AF0F-0D54B49F5C9B}.Debug|Any CPU.ActiveCfg = Debug|Any CPU
		{C643558A-8370-4EF5-AF0F-0D54B49F5C9B}.Debug|Any CPU.Build.0 = Debug|Any CPU
		{C643558A-8370-4EF5-AF0F-0D54B49F5C9B}.Release|Any CPU.ActiveCfg = Release|Any CPU
		{C643558A-8370-4EF5-AF0F-0D54B49F5C9B}.Release|Any CPU.Build.0 = Release|Any CPU
		{26395B7B-BF2D-476B-AB7F-C8411C3553F3}.Debug|Any CPU.ActiveCfg = Debug|Any CPU
		{26395B7B-BF2D-476B-AB7F-C8411C3553F3}.Debug|Any CPU.Build.0 = Debug|Any CPU
		{26395B7B-BF2D-476B-AB7F-C8411C3553F3}.Release|Any CPU.ActiveCfg = Release|Any CPU
		{26395B7B-BF2D-476B-AB7F-C8411C3553F3}.Release|Any CPU.Build.0 = Release|Any CPU
		{0A797526-EE50-4FE5-B5EE-912BBB7A9A49}.Debug|Any CPU.ActiveCfg = Debug|Any CPU
		{0A797526-EE50-4FE5-B5EE-912BBB7A9A49}.Debug|Any CPU.Build.0 = Debug|Any CPU
		{0A797526-EE50-4FE5-B5EE-912BBB7A9A49}.Release|Any CPU.ActiveCfg = Release|Any CPU
		{0A797526-EE50-4FE5-B5EE-912BBB7A9A49}.Release|Any CPU.Build.0 = Release|Any CPU
	EndGlobalSection
	GlobalSection(SolutionProperties) = preSolution
		HideSolutionNode = FALSE
	EndGlobalSection
	GlobalSection(ExtensibilityGlobals) = postSolution
		SolutionGuid = {FC23353C-89AF-41DD-BB42-453AFF8098DE}
	EndGlobalSection
EndGlobal
